
Microsoft Visual Studio Solution File, Format Version 12.00
# Visual Studio Version 17
VisualStudioVersion = 17.5.002.0
MinimumVisualStudioVersion = 10.0.40219.1
Project("{9A19103F-16F7-4668-BE54-9A1E7A4F7556}") = "lambdas_09", "lambdas_09.csproj", "{E7202DA4-BD5E-431E-A251-D83391D09650}"
EndProject
Global
	GlobalSection(SolutionConfigurationPlatforms) = preSolution
		Debug|Any CPU = Debug|Any CPU
		Release|Any CPU = Release|Any CPU
	EndGlobalSection
	GlobalSection(ProjectConfigurationPlatforms) = postSolution
		{E7202DA4-BD5E-431E-A251-D83391D09650}.Debug|Any CPU.ActiveCfg = Debug|Any CPU
		{E7202DA4-BD5E-431E-A251-D83391D09650}.Debug|Any CPU.Build.0 = Debug|Any CPU
		{E7202DA4-BD5E-431E-A251-D83391D09650}.Release|Any CPU.ActiveCfg = Release|Any CPU
		{E7202DA4-BD5E-431E-A251-D83391D09650}.Release|Any CPU.Build.0 = Release|Any CPU
	EndGlobalSection
	GlobalSection(SolutionProperties) = preSolution
		HideSolutionNode = FALSE
	EndGlobalSection
	GlobalSection(ExtensibilityGlobals) = postSolution
		SolutionGuid = {4CBF38DC-8CB7-4774-A6A6-8BE0C5B55653}
	EndGlobalSection
EndGlobal
