
Microsoft Visual Studio Solution File, Format Version 12.00
# Visual Studio Version 17
VisualStudioVersion = 17.5.002.0
MinimumVisualStudioVersion = 10.0.40219.1
Project("{9A19103F-16F7-4668-BE54-9A1E7A4F7556}") = "oop", "oop.csproj", "{38C43C4D-0E57-4994-ACDD-E49FA073433E}"
EndProject
Global
	GlobalSection(SolutionConfigurationPlatforms) = preSolution
		Debug|Any CPU = Debug|Any CPU
		Release|Any CPU = Release|Any CPU
	EndGlobalSection
	GlobalSection(ProjectConfigurationPlatforms) = postSolution
		{38C43C4D-0E57-4994-ACDD-E49FA073433E}.Debug|Any CPU.ActiveCfg = Debug|Any CPU
		{38C43C4D-0E57-4994-ACDD-E49FA073433E}.Debug|Any CPU.Build.0 = Debug|Any CPU
		{38C43C4D-0E57-4994-ACDD-E49FA073433E}.Release|Any CPU.ActiveCfg = Release|Any CPU
		{38C43C4D-0E57-4994-ACDD-E49FA073433E}.Release|Any CPU.Build.0 = Release|Any CPU
	EndGlobalSection
	GlobalSection(SolutionProperties) = preSolution
		HideSolutionNode = FALSE
	EndGlobalSection
	GlobalSection(ExtensibilityGlobals) = postSolution
		SolutionGuid = {25B65CC2-1FEE-487C-AB70-1CE018627635}
	EndGlobalSection
EndGlobal
